
Microsoft Visual Studio Solution File, Format Version 12.00
# Visual Studio 15
VisualStudioVersion = 15.0.28307.902
MinimumVisualStudioVersion = 10.0.40219.1
Project("{FAE04EC0-301F-11D3-BF4B-00C04F79EFBC}") = "EmailSend", "EmailSend\EmailSend.csproj", "{EAB2F27D-EE21-464B-AFA7-2E032079387A}"
EndProject
Global
	GlobalSection(SolutionConfigurationPlatforms) = preSolution
		Debug|Any CPU = Debug|Any CPU
		Release|Any CPU = Release|Any CPU
	EndGlobalSection
	GlobalSection(ProjectConfigurationPlatforms) = postSolution
		{EAB2F27D-EE21-464B-AFA7-2E032079387A}.Debug|Any CPU.ActiveCfg = Debug|Any CPU
		{EAB2F27D-EE21-464B-AFA7-2E032079387A}.Debug|Any CPU.Build.0 = Debug|Any CPU
		{EAB2F27D-EE21-464B-AFA7-2E032079387A}.Release|Any CPU.ActiveCfg = Release|Any CPU
		{EAB2F27D-EE21-464B-AFA7-2E032079387A}.Release|Any CPU.Build.0 = Release|Any CPU
	EndGlobalSection
	GlobalSection(SolutionProperties) = preSolution
		HideSolutionNode = FALSE
	EndGlobalSection
	GlobalSection(ExtensibilityGlobals) = postSolution
		SolutionGuid = {3914F764-71AF-4099-8992-F7E5B61FDAFC}
	EndGlobalSection
EndGlobal
